# @generated by Move, please check-in and do not edit manually.

[move]
version = 1
manifest_digest = "99A2707BE9E2291561C863B1EDEB5A85A208B564A99B37B6CD77EECD4B77ADD5"
deps_digest = "3C4103934B1E040BB6B23F1D610B4EF9F2F1166A50A104EADCF77467C004C600"
dependencies = [
  { name = "Log" },
  { name = "Sui" },
]

[[move.package]]
name = "Log"
source = { local = "../../../../suibase/move/@suibase/log" }

dependencies = [
  { name = "Sui" },
]

[[move.package]]
name = "MoveStdlib"
source = { local = "../../../../suibase/workdirs/active/sui-repo/crates/sui-framework/packages/move-stdlib" }

[[move.package]]
name = "Sui"
source = { local = "../../../../suibase/workdirs/active/sui-repo/crates/sui-framework/packages/sui-framework" }

dependencies = [
  { name = "MoveStdlib" },
]

[move.toolchain-version]
compiler-version = "1.24.0"
edition = "2024.beta"
flavor = "sui"

[env]



[env.suibase]
test = 12

[env.localnet_proxy]
chain-id = "64594ad2"
original-published-id = "0xbdff74ca73d4a33a1d20b1d8bec0eda03e4bbbaec4178e0580ebdd974beb053d"
latest-published-id = "0xbdff74ca73d4a33a1d20b1d8bec0eda03e4bbbaec4178e0580ebdd974beb053d"
published-version = "1"

[env.testnet_proxy]
chain-id = "4c78adac"
original-published-id = "0xef405927dc2f3885f6014be1f32e41a77e77132446b7ed62c9ff62f719cd483e"
latest-published-id = "0xef405927dc2f3885f6014be1f32e41a77e77132446b7ed62c9ff62f719cd483e"
published-version = "1"
