# @generated by Move, please check-in and do not edit manually.

[move]
version = 1
manifest_digest = "D709415505E68A022612B74B374F85067240DDF5CA0768C210BF0F4F3D6CA340"
deps_digest = "3C4103934B1E040BB6B23F1D610B4EF9F2F1166A50A104EADCF77467C004C600"
dependencies = [
  { name = "Log" },
  { name = "Sui" },
]

[[move.package]]
name = "Log"
source = { local = "../../../../suibase/move/@suibase/log" }

dependencies = [
  { name = "Sui" },
]

[[move.package]]
name = "MoveStdlib"
source = { local = "../../../../suibase/workdirs/active/sui-repo/crates/sui-framework/packages/move-stdlib" }

[[move.package]]
name = "Sui"
source = { local = "../../../../suibase/workdirs/active/sui-repo/crates/sui-framework/packages/sui-framework" }

dependencies = [
  { name = "MoveStdlib" },
]

[move.toolchain-version]
compiler-version = "1.24.0"
edition = "2024.beta"
flavor = "sui"

[env]



[env.suibase]
test = 12

[env.localnet_proxy]
chain-id = "a88de774"
original-published-id = "0xbcf1c7861cdf5a5eed050ed8990b4fea9e39c365561f033c3d532f3b739e9553"
latest-published-id = "0xbcf1c7861cdf5a5eed050ed8990b4fea9e39c365561f033c3d532f3b739e9553"
published-version = "1"

[env.testnet_proxy]
chain-id = "4c78adac"
original-published-id = "0xef405927dc2f3885f6014be1f32e41a77e77132446b7ed62c9ff62f719cd483e"
latest-published-id = "0xef405927dc2f3885f6014be1f32e41a77e77132446b7ed62c9ff62f719cd483e"
published-version = "1"
