# @generated by Move, please check-in and do not edit manually.

[move]
version = 1
manifest_digest = "99A2707BE9E2291561C863B1EDEB5A85A208B564A99B37B6CD77EECD4B77ADD5"
deps_digest = "3C4103934B1E040BB6B23F1D610B4EF9F2F1166A50A104EADCF77467C004C600"
dependencies = [
  { name = "Log" },
  { name = "Sui" },
]

[[move.package]]
name = "Log"
source = { local = "../../../../suibase/move/@suibase/log" }

dependencies = [
  { name = "Sui" },
]

[[move.package]]
name = "MoveStdlib"
source = { local = "../../../../suibase/workdirs/active/sui-repo/crates/sui-framework/packages/move-stdlib" }

[[move.package]]
name = "Sui"
source = { local = "../../../../suibase/workdirs/active/sui-repo/crates/sui-framework/packages/sui-framework" }

dependencies = [
  { name = "MoveStdlib" },
]

[move.toolchain-version]
compiler-version = "1.26.0"
edition = "2024.beta"
flavor = "sui"

[env]



[env.suibase]
test = 12

[env.localnet_proxy]
chain-id = "f593258c"
original-published-id = "0xd2ed3a3e0b086d1d0968020b6826025488a7a056df0478733ea1b588487e5ef7"
latest-published-id = "0xd2ed3a3e0b086d1d0968020b6826025488a7a056df0478733ea1b588487e5ef7"
published-version = "1"

[env.testnet_proxy]
chain-id = "4c78adac"
original-published-id = "0xa2958142ae420699ac34fb9cc900e92be6fbb94a980d0685ee7143370919a8d7"
latest-published-id = "0xa2958142ae420699ac34fb9cc900e92be6fbb94a980d0685ee7143370919a8d7"
published-version = "1"
